// !$*UTF8*$!
{
	archiveVersion = 1;
	classes = {
	};
	objectVersion = 56;
	objects = {

/* Begin PBXBuildFile section */
		D3156A122BD028DB0067D4C7 /* CreateRunItemView.swift in Sources */ = {isa = PBXBuildFile; fileRef = D3156A112BD028DB0067D4C7 /* CreateRunItemView.swift */; };
		D33DF17E2BD01D09004E5439 /* EditRunItemView.swift in Sources */ = {isa = PBXBuildFile; fileRef = D33DF17D2BD01D09004E5439 /* EditRunItemView.swift */; };
		D375DED62BD065AA00F4DA2E /* PomodoroTimer.swift in Sources */ = {isa = PBXBuildFile; fileRef = D375DED52BD065AA00F4DA2E /* PomodoroTimer.swift */; };
		D375DED82BD0660300F4DA2E /* PomodoroViewViewModel.swift in Sources */ = {isa = PBXBuildFile; fileRef = D375DED72BD0660300F4DA2E /* PomodoroViewViewModel.swift */; };
		D375DEDA2BD0662A00F4DA2E /* PomodoroView.swift in Sources */ = {isa = PBXBuildFile; fileRef = D375DED92BD0662A00F4DA2E /* PomodoroView.swift */; };
		D375DEDC2BD0B1E400F4DA2E /* RunCollection.swift in Sources */ = {isa = PBXBuildFile; fileRef = D375DEDB2BD0B1E400F4DA2E /* RunCollection.swift */; };
		D375DEDE2BD0B20000F4DA2E /* RunSelectorViewModel.swift in Sources */ = {isa = PBXBuildFile; fileRef = D375DEDD2BD0B20000F4DA2E /* RunSelectorViewModel.swift */; };
		D375DEE02BD0B21600F4DA2E /* RunSelectorView.swift in Sources */ = {isa = PBXBuildFile; fileRef = D375DEDF2BD0B21600F4DA2E /* RunSelectorView.swift */; };
		D375DEE22BD0BB0700F4DA2E /* AddRunCollectionView.swift in Sources */ = {isa = PBXBuildFile; fileRef = D375DEE12BD0BB0700F4DA2E /* AddRunCollectionView.swift */; };
		D38CC5742B40C8A600252F52 /* SpeedHabitsApp.swift in Sources */ = {isa = PBXBuildFile; fileRef = D38CC5732B40C8A600252F52 /* SpeedHabitsApp.swift */; };
		D38CC5762B40C8A600252F52 /* MainView.swift in Sources */ = {isa = PBXBuildFile; fileRef = D38CC5752B40C8A600252F52 /* MainView.swift */; };
		D38CC5782B40C8A900252F52 /* Assets.xcassets in Resources */ = {isa = PBXBuildFile; fileRef = D38CC5772B40C8A900252F52 /* Assets.xcassets */; };
		D38CC57B2B40C8A900252F52 /* Preview Assets.xcassets in Resources */ = {isa = PBXBuildFile; fileRef = D38CC57A2B40C8A900252F52 /* Preview Assets.xcassets */; };
		D38CC5852B40C8A900252F52 /* SpeedHabitsTests.swift in Sources */ = {isa = PBXBuildFile; fileRef = D38CC5842B40C8A900252F52 /* SpeedHabitsTests.swift */; };
		D38CC58F2B40C8A900252F52 /* SpeedHabitsUITests.swift in Sources */ = {isa = PBXBuildFile; fileRef = D38CC58E2B40C8A900252F52 /* SpeedHabitsUITests.swift */; };
		D38CC5912B40C8A900252F52 /* SpeedHabitsUITestsLaunchTests.swift in Sources */ = {isa = PBXBuildFile; fileRef = D38CC5902B40C8A900252F52 /* SpeedHabitsUITestsLaunchTests.swift */; };
		D38CC59F2B503B1000252F52 /* FirebaseAuth in Frameworks */ = {isa = PBXBuildFile; productRef = D38CC59E2B503B1000252F52 /* FirebaseAuth */; };
		D38CC5A12B503B1000252F52 /* FirebaseFirestore in Frameworks */ = {isa = PBXBuildFile; productRef = D38CC5A02B503B1000252F52 /* FirebaseFirestore */; };
		D38CC5A32B503B1000252F52 /* FirebaseFirestoreSwift in Frameworks */ = {isa = PBXBuildFile; productRef = D38CC5A22B503B1000252F52 /* FirebaseFirestoreSwift */; };
		D38CC5A52B5044DB00252F52 /* GoogleService-Info.plist in Resources */ = {isa = PBXBuildFile; fileRef = D38CC5A42B5044DB00252F52 /* GoogleService-Info.plist */; };
		D38CC5AD2B5047E200252F52 /* ProfileView.swift in Sources */ = {isa = PBXBuildFile; fileRef = D38CC5AC2B5047E200252F52 /* ProfileView.swift */; };
		D38CC5AF2B5047F200252F52 /* ToDoListItemView.swift in Sources */ = {isa = PBXBuildFile; fileRef = D38CC5AE2B5047F200252F52 /* ToDoListItemView.swift */; };
		D38CC5B12B50480100252F52 /* NewItemView.swift in Sources */ = {isa = PBXBuildFile; fileRef = D38CC5B02B50480100252F52 /* NewItemView.swift */; };
		D38CC5B32B50481600252F52 /* LoginView.swift in Sources */ = {isa = PBXBuildFile; fileRef = D38CC5B22B50481600252F52 /* LoginView.swift */; };
		D38CC5B52B50482000252F52 /* RegisterView.swift in Sources */ = {isa = PBXBuildFile; fileRef = D38CC5B42B50482000252F52 /* RegisterView.swift */; };
		D38CC5B72B50486000252F52 /* ToDoListView.swift in Sources */ = {isa = PBXBuildFile; fileRef = D38CC5B62B50486000252F52 /* ToDoListView.swift */; };
		D38CC5B92B50488600252F52 /* User.swift in Sources */ = {isa = PBXBuildFile; fileRef = D38CC5B82B50488600252F52 /* User.swift */; };
		D38CC5BB2B50489300252F52 /* ToDoListItem.swift in Sources */ = {isa = PBXBuildFile; fileRef = D38CC5BA2B50489300252F52 /* ToDoListItem.swift */; };
		D38CC5BF2B5048C500252F52 /* MainViewViewModel.swift in Sources */ = {isa = PBXBuildFile; fileRef = D38CC5BE2B5048C500252F52 /* MainViewViewModel.swift */; };
		D38CC5C12B5048DA00252F52 /* ProfileViewViewModel.swift in Sources */ = {isa = PBXBuildFile; fileRef = D38CC5C02B5048DA00252F52 /* ProfileViewViewModel.swift */; };
		D38CC5C32B5048F100252F52 /* ToDoListItemViewViewModel.swift in Sources */ = {isa = PBXBuildFile; fileRef = D38CC5C22B5048F100252F52 /* ToDoListItemViewViewModel.swift */; };
		D38CC5C52B50490300252F52 /* ToDoListViewViewModel.swift in Sources */ = {isa = PBXBuildFile; fileRef = D38CC5C42B50490300252F52 /* ToDoListViewViewModel.swift */; };
		D38CC5C72B50490F00252F52 /* NewItemViewViewModel.swift in Sources */ = {isa = PBXBuildFile; fileRef = D38CC5C62B50490F00252F52 /* NewItemViewViewModel.swift */; };
		D38CC5C92B50491C00252F52 /* LoginViewViewModel.swift in Sources */ = {isa = PBXBuildFile; fileRef = D38CC5C82B50491C00252F52 /* LoginViewViewModel.swift */; };
		D38CC5CB2B50492600252F52 /* RegisterViewViewModel.swift in Sources */ = {isa = PBXBuildFile; fileRef = D38CC5CA2B50492600252F52 /* RegisterViewViewModel.swift */; };
		D38CC5CD2B504C4000252F52 /* HeaderView.swift in Sources */ = {isa = PBXBuildFile; fileRef = D38CC5CC2B504C4000252F52 /* HeaderView.swift */; };
		D38CC5CF2B61887C00252F52 /* SHButton.swift in Sources */ = {isa = PBXBuildFile; fileRef = D38CC5CE2B61887C00252F52 /* SHButton.swift */; };
		D38CC5D12B6197E500252F52 /* Extensions.swift in Sources */ = {isa = PBXBuildFile; fileRef = D38CC5D02B6197E500252F52 /* Extensions.swift */; };
		D38CC5D32B74EB6E00252F52 /* Launch Screen.storyboard in Resources */ = {isa = PBXBuildFile; fileRef = D38CC5D22B74EB6E00252F52 /* Launch Screen.storyboard */; };
		D38CC5D52B74F00B00252F52 /* TimerView.swift in Sources */ = {isa = PBXBuildFile; fileRef = D38CC5D42B74F00B00252F52 /* TimerView.swift */; };
		D38CC5D72B74F01700252F52 /* TimerViewViewModel.swift in Sources */ = {isa = PBXBuildFile; fileRef = D38CC5D62B74F01700252F52 /* TimerViewViewModel.swift */; };
		D3BD07E72BBE9E34006FEF3C /* RunView.swift in Sources */ = {isa = PBXBuildFile; fileRef = D3BD07E62BBE9E34006FEF3C /* RunView.swift */; };
		D3BD07E92BBE9E47006FEF3C /* RunViewViewModel.swift in Sources */ = {isa = PBXBuildFile; fileRef = D3BD07E82BBE9E47006FEF3C /* RunViewViewModel.swift */; };
		D3BD07ED2BBE9EB5006FEF3C /* RunItemViewViewModel.swift in Sources */ = {isa = PBXBuildFile; fileRef = D3BD07EC2BBE9EB5006FEF3C /* RunItemViewViewModel.swift */; };
		D3BD07EF2BBE9ECB006FEF3C /* RunItem.swift in Sources */ = {isa = PBXBuildFile; fileRef = D3BD07EE2BBE9ECB006FEF3C /* RunItem.swift */; };
		D3BD07F12BBE9EDC006FEF3C /* RunItemView.swift in Sources */ = {isa = PBXBuildFile; fileRef = D3BD07F02BBE9EDC006FEF3C /* RunItemView.swift */; };
		D3BD07F32BBEBCDA006FEF3C /* NewRunItemView.swift in Sources */ = {isa = PBXBuildFile; fileRef = D3BD07F22BBEBCDA006FEF3C /* NewRunItemView.swift */; };
		D3BD07F52BBEBCE9006FEF3C /* NewRunItemViewViewModel.swift in Sources */ = {isa = PBXBuildFile; fileRef = D3BD07F42BBEBCE9006FEF3C /* NewRunItemViewViewModel.swift */; };
/* End PBXBuildFile section */

/* Begin PBXContainerItemProxy section */
		D38CC5812B40C8A900252F52 /* PBXContainerItemProxy */ = {
			isa = PBXContainerItemProxy;
			containerPortal = D38CC5682B40C8A600252F52 /* Project object */;
			proxyType = 1;
			remoteGlobalIDString = D38CC56F2B40C8A600252F52;
			remoteInfo = SpeedHabits;
		};
		D38CC58B2B40C8A900252F52 /* PBXContainerItemProxy */ = {
			isa = PBXContainerItemProxy;
			containerPortal = D38CC5682B40C8A600252F52 /* Project object */;
			proxyType = 1;
			remoteGlobalIDString = D38CC56F2B40C8A600252F52;
			remoteInfo = SpeedHabits;
		};
/* End PBXContainerItemProxy section */

/* Begin PBXFileReference section */
		D3156A112BD028DB0067D4C7 /* CreateRunItemView.swift */ = {isa = PBXFileReference; lastKnownFileType = sourcecode.swift; path = CreateRunItemView.swift; sourceTree = "<group>"; };
		D33DF17D2BD01D09004E5439 /* EditRunItemView.swift */ = {isa = PBXFileReference; lastKnownFileType = sourcecode.swift; path = EditRunItemView.swift; sourceTree = "<group>"; };
		D375DED52BD065AA00F4DA2E /* PomodoroTimer.swift */ = {isa = PBXFileReference; lastKnownFileType = sourcecode.swift; path = PomodoroTimer.swift; sourceTree = "<group>"; };
		D375DED72BD0660300F4DA2E /* PomodoroViewViewModel.swift */ = {isa = PBXFileReference; lastKnownFileType = sourcecode.swift; path = PomodoroViewViewModel.swift; sourceTree = "<group>"; };
		D375DED92BD0662A00F4DA2E /* PomodoroView.swift */ = {isa = PBXFileReference; lastKnownFileType = sourcecode.swift; path = PomodoroView.swift; sourceTree = "<group>"; };
		D375DEDB2BD0B1E400F4DA2E /* RunCollection.swift */ = {isa = PBXFileReference; lastKnownFileType = sourcecode.swift; path = RunCollection.swift; sourceTree = "<group>"; };
		D375DEDD2BD0B20000F4DA2E /* RunSelectorViewModel.swift */ = {isa = PBXFileReference; lastKnownFileType = sourcecode.swift; path = RunSelectorViewModel.swift; sourceTree = "<group>"; };
		D375DEDF2BD0B21600F4DA2E /* RunSelectorView.swift */ = {isa = PBXFileReference; lastKnownFileType = sourcecode.swift; path = RunSelectorView.swift; sourceTree = "<group>"; };
		D375DEE12BD0BB0700F4DA2E /* AddRunCollectionView.swift */ = {isa = PBXFileReference; lastKnownFileType = sourcecode.swift; path = AddRunCollectionView.swift; sourceTree = "<group>"; };
		D38CC5702B40C8A600252F52 /* SpeedHabits.app */ = {isa = PBXFileReference; explicitFileType = wrapper.application; includeInIndex = 0; path = SpeedHabits.app; sourceTree = BUILT_PRODUCTS_DIR; };
		D38CC5732B40C8A600252F52 /* SpeedHabitsApp.swift */ = {isa = PBXFileReference; lastKnownFileType = sourcecode.swift; path = SpeedHabitsApp.swift; sourceTree = "<group>"; };
		D38CC5752B40C8A600252F52 /* MainView.swift */ = {isa = PBXFileReference; lastKnownFileType = sourcecode.swift; path = MainView.swift; sourceTree = "<group>"; };
		D38CC5772B40C8A900252F52 /* Assets.xcassets */ = {isa = PBXFileReference; lastKnownFileType = folder.assetcatalog; path = Assets.xcassets; sourceTree = "<group>"; };
		D38CC57A2B40C8A900252F52 /* Preview Assets.xcassets */ = {isa = PBXFileReference; lastKnownFileType = folder.assetcatalog; path = "Preview Assets.xcassets"; sourceTree = "<group>"; };
		D38CC5802B40C8A900252F52 /* SpeedHabitsTests.xctest */ = {isa = PBXFileReference; explicitFileType = wrapper.cfbundle; includeInIndex = 0; path = SpeedHabitsTests.xctest; sourceTree = BUILT_PRODUCTS_DIR; };
		D38CC5842B40C8A900252F52 /* SpeedHabitsTests.swift */ = {isa = PBXFileReference; lastKnownFileType = sourcecode.swift; path = SpeedHabitsTests.swift; sourceTree = "<group>"; };
		D38CC58A2B40C8A900252F52 /* SpeedHabitsUITests.xctest */ = {isa = PBXFileReference; explicitFileType = wrapper.cfbundle; includeInIndex = 0; path = SpeedHabitsUITests.xctest; sourceTree = BUILT_PRODUCTS_DIR; };
		D38CC58E2B40C8A900252F52 /* SpeedHabitsUITests.swift */ = {isa = PBXFileReference; lastKnownFileType = sourcecode.swift; path = SpeedHabitsUITests.swift; sourceTree = "<group>"; };
		D38CC5902B40C8A900252F52 /* SpeedHabitsUITestsLaunchTests.swift */ = {isa = PBXFileReference; lastKnownFileType = sourcecode.swift; path = SpeedHabitsUITestsLaunchTests.swift; sourceTree = "<group>"; };
		D38CC5A42B5044DB00252F52 /* GoogleService-Info.plist */ = {isa = PBXFileReference; fileEncoding = 4; lastKnownFileType = text.plist.xml; path = "GoogleService-Info.plist"; sourceTree = "<group>"; };
		D38CC5AC2B5047E200252F52 /* ProfileView.swift */ = {isa = PBXFileReference; lastKnownFileType = sourcecode.swift; path = ProfileView.swift; sourceTree = "<group>"; };
		D38CC5AE2B5047F200252F52 /* ToDoListItemView.swift */ = {isa = PBXFileReference; lastKnownFileType = sourcecode.swift; path = ToDoListItemView.swift; sourceTree = "<group>"; };
		D38CC5B02B50480100252F52 /* NewItemView.swift */ = {isa = PBXFileReference; lastKnownFileType = sourcecode.swift; path = NewItemView.swift; sourceTree = "<group>"; };
		D38CC5B22B50481600252F52 /* LoginView.swift */ = {isa = PBXFileReference; lastKnownFileType = sourcecode.swift; path = LoginView.swift; sourceTree = "<group>"; };
		D38CC5B42B50482000252F52 /* RegisterView.swift */ = {isa = PBXFileReference; lastKnownFileType = sourcecode.swift; path = RegisterView.swift; sourceTree = "<group>"; };
		D38CC5B62B50486000252F52 /* ToDoListView.swift */ = {isa = PBXFileReference; lastKnownFileType = sourcecode.swift; path = ToDoListView.swift; sourceTree = "<group>"; };
		D38CC5B82B50488600252F52 /* User.swift */ = {isa = PBXFileReference; lastKnownFileType = sourcecode.swift; path = User.swift; sourceTree = "<group>"; };
		D38CC5BA2B50489300252F52 /* ToDoListItem.swift */ = {isa = PBXFileReference; lastKnownFileType = sourcecode.swift; path = ToDoListItem.swift; sourceTree = "<group>"; };
		D38CC5BE2B5048C500252F52 /* MainViewViewModel.swift */ = {isa = PBXFileReference; lastKnownFileType = sourcecode.swift; path = MainViewViewModel.swift; sourceTree = "<group>"; };
		D38CC5C02B5048DA00252F52 /* ProfileViewViewModel.swift */ = {isa = PBXFileReference; lastKnownFileType = sourcecode.swift; path = ProfileViewViewModel.swift; sourceTree = "<group>"; };
		D38CC5C22B5048F100252F52 /* ToDoListItemViewViewModel.swift */ = {isa = PBXFileReference; lastKnownFileType = sourcecode.swift; path = ToDoListItemViewViewModel.swift; sourceTree = "<group>"; };
		D38CC5C42B50490300252F52 /* ToDoListViewViewModel.swift */ = {isa = PBXFileReference; lastKnownFileType = sourcecode.swift; path = ToDoListViewViewModel.swift; sourceTree = "<group>"; };
		D38CC5C62B50490F00252F52 /* NewItemViewViewModel.swift */ = {isa = PBXFileReference; lastKnownFileType = sourcecode.swift; path = NewItemViewViewModel.swift; sourceTree = "<group>"; };
		D38CC5C82B50491C00252F52 /* LoginViewViewModel.swift */ = {isa = PBXFileReference; lastKnownFileType = sourcecode.swift; path = LoginViewViewModel.swift; sourceTree = "<group>"; };
		D38CC5CA2B50492600252F52 /* RegisterViewViewModel.swift */ = {isa = PBXFileReference; lastKnownFileType = sourcecode.swift; path = RegisterViewViewModel.swift; sourceTree = "<group>"; };
		D38CC5CC2B504C4000252F52 /* HeaderView.swift */ = {isa = PBXFileReference; lastKnownFileType = sourcecode.swift; path = HeaderView.swift; sourceTree = "<group>"; };
		D38CC5CE2B61887C00252F52 /* SHButton.swift */ = {isa = PBXFileReference; lastKnownFileType = sourcecode.swift; path = SHButton.swift; sourceTree = "<group>"; };
		D38CC5D02B6197E500252F52 /* Extensions.swift */ = {isa = PBXFileReference; lastKnownFileType = sourcecode.swift; path = Extensions.swift; sourceTree = "<group>"; };
		D38CC5D22B74EB6E00252F52 /* Launch Screen.storyboard */ = {isa = PBXFileReference; lastKnownFileType = file.storyboard; path = "Launch Screen.storyboard"; sourceTree = "<group>"; };
		D38CC5D42B74F00B00252F52 /* TimerView.swift */ = {isa = PBXFileReference; lastKnownFileType = sourcecode.swift; path = TimerView.swift; sourceTree = "<group>"; };
		D38CC5D62B74F01700252F52 /* TimerViewViewModel.swift */ = {isa = PBXFileReference; lastKnownFileType = sourcecode.swift; path = TimerViewViewModel.swift; sourceTree = "<group>"; };
		D3BD07E62BBE9E34006FEF3C /* RunView.swift */ = {isa = PBXFileReference; lastKnownFileType = sourcecode.swift; path = RunView.swift; sourceTree = "<group>"; };
		D3BD07E82BBE9E47006FEF3C /* RunViewViewModel.swift */ = {isa = PBXFileReference; lastKnownFileType = sourcecode.swift; path = RunViewViewModel.swift; sourceTree = "<group>"; };
		D3BD07EC2BBE9EB5006FEF3C /* RunItemViewViewModel.swift */ = {isa = PBXFileReference; lastKnownFileType = sourcecode.swift; path = RunItemViewViewModel.swift; sourceTree = "<group>"; };
		D3BD07EE2BBE9ECB006FEF3C /* RunItem.swift */ = {isa = PBXFileReference; lastKnownFileType = sourcecode.swift; path = RunItem.swift; sourceTree = "<group>"; };
		D3BD07F02BBE9EDC006FEF3C /* RunItemView.swift */ = {isa = PBXFileReference; lastKnownFileType = sourcecode.swift; path = RunItemView.swift; sourceTree = "<group>"; };
		D3BD07F22BBEBCDA006FEF3C /* NewRunItemView.swift */ = {isa = PBXFileReference; lastKnownFileType = sourcecode.swift; path = NewRunItemView.swift; sourceTree = "<group>"; };
		D3BD07F42BBEBCE9006FEF3C /* NewRunItemViewViewModel.swift */ = {isa = PBXFileReference; lastKnownFileType = sourcecode.swift; path = NewRunItemViewViewModel.swift; sourceTree = "<group>"; };
/* End PBXFileReference section */

/* Begin PBXFrameworksBuildPhase section */
		D38CC56D2B40C8A600252F52 /* Frameworks */ = {
			isa = PBXFrameworksBuildPhase;
			buildActionMask = 2147483647;
			files = (
				D38CC59F2B503B1000252F52 /* FirebaseAuth in Frameworks */,
				D38CC5A12B503B1000252F52 /* FirebaseFirestore in Frameworks */,
				D38CC5A32B503B1000252F52 /* FirebaseFirestoreSwift in Frameworks */,
			);
			runOnlyForDeploymentPostprocessing = 0;
		};
		D38CC57D2B40C8A900252F52 /* Frameworks */ = {
			isa = PBXFrameworksBuildPhase;
			buildActionMask = 2147483647;
			files = (
			);
			runOnlyForDeploymentPostprocessing = 0;
		};
		D38CC5872B40C8A900252F52 /* Frameworks */ = {
			isa = PBXFrameworksBuildPhase;
			buildActionMask = 2147483647;
			files = (
			);
			runOnlyForDeploymentPostprocessing = 0;
		};
/* End PBXFrameworksBuildPhase section */

/* Begin PBXGroup section */
		D38CC5672B40C8A600252F52 = {
			isa = PBXGroup;
			children = (
				D38CC5722B40C8A600252F52 /* SpeedHabits */,
				D38CC5832B40C8A900252F52 /* SpeedHabitsTests */,
				D38CC58D2B40C8A900252F52 /* SpeedHabitsUITests */,
				D38CC5712B40C8A600252F52 /* Products */,
			);
			sourceTree = "<group>";
		};
		D38CC5712B40C8A600252F52 /* Products */ = {
			isa = PBXGroup;
			children = (
				D38CC5702B40C8A600252F52 /* SpeedHabits.app */,
				D38CC5802B40C8A900252F52 /* SpeedHabitsTests.xctest */,
				D38CC58A2B40C8A900252F52 /* SpeedHabitsUITests.xctest */,
			);
			name = Products;
			sourceTree = "<group>";
		};
		D38CC5722B40C8A600252F52 /* SpeedHabits */ = {
			isa = PBXGroup;
			children = (
				D38CC5AB2B5046F500252F52 /* Other */,
				D38CC5AA2B5046E000252F52 /* Models */,
				D38CC5A92B5046D900252F52 /* ViewModels */,
				D38CC5A82B5046D200252F52 /* Views */,
				D38CC5792B40C8A900252F52 /* Preview Content */,
			);
			path = SpeedHabits;
			sourceTree = "<group>";
		};
		D38CC5792B40C8A900252F52 /* Preview Content */ = {
			isa = PBXGroup;
			children = (
				D38CC57A2B40C8A900252F52 /* Preview Assets.xcassets */,
			);
			path = "Preview Content";
			sourceTree = "<group>";
		};
		D38CC5832B40C8A900252F52 /* SpeedHabitsTests */ = {
			isa = PBXGroup;
			children = (
				D38CC5842B40C8A900252F52 /* SpeedHabitsTests.swift */,
			);
			path = SpeedHabitsTests;
			sourceTree = "<group>";
		};
		D38CC58D2B40C8A900252F52 /* SpeedHabitsUITests */ = {
			isa = PBXGroup;
			children = (
				D38CC58E2B40C8A900252F52 /* SpeedHabitsUITests.swift */,
				D38CC5902B40C8A900252F52 /* SpeedHabitsUITestsLaunchTests.swift */,
			);
			path = SpeedHabitsUITests;
			sourceTree = "<group>";
		};
		D38CC5A82B5046D200252F52 /* Views */ = {
			isa = PBXGroup;
			children = (
				D38CC5752B40C8A600252F52 /* MainView.swift */,
				D38CC5AC2B5047E200252F52 /* ProfileView.swift */,
				D38CC5AE2B5047F200252F52 /* ToDoListItemView.swift */,
				D38CC5B62B50486000252F52 /* ToDoListView.swift */,
				D38CC5B02B50480100252F52 /* NewItemView.swift */,
				D38CC5B22B50481600252F52 /* LoginView.swift */,
				D38CC5B42B50482000252F52 /* RegisterView.swift */,
				D38CC5CC2B504C4000252F52 /* HeaderView.swift */,
				D38CC5CE2B61887C00252F52 /* SHButton.swift */,
				D38CC5D42B74F00B00252F52 /* TimerView.swift */,
				D3BD07E62BBE9E34006FEF3C /* RunView.swift */,
				D3BD07F02BBE9EDC006FEF3C /* RunItemView.swift */,
				D3BD07F22BBEBCDA006FEF3C /* NewRunItemView.swift */,
				D33DF17D2BD01D09004E5439 /* EditRunItemView.swift */,
				D3156A112BD028DB0067D4C7 /* CreateRunItemView.swift */,
				D375DED92BD0662A00F4DA2E /* PomodoroView.swift */,
				D375DEDF2BD0B21600F4DA2E /* RunSelectorView.swift */,
				D375DEE12BD0BB0700F4DA2E /* AddRunCollectionView.swift */,
			);
			path = Views;
			sourceTree = "<group>";
		};
		D38CC5A92B5046D900252F52 /* ViewModels */ = {
			isa = PBXGroup;
			children = (
				D38CC5BE2B5048C500252F52 /* MainViewViewModel.swift */,
				D38CC5C02B5048DA00252F52 /* ProfileViewViewModel.swift */,
				D38CC5C22B5048F100252F52 /* ToDoListItemViewViewModel.swift */,
				D38CC5C42B50490300252F52 /* ToDoListViewViewModel.swift */,
				D38CC5C62B50490F00252F52 /* NewItemViewViewModel.swift */,
				D38CC5C82B50491C00252F52 /* LoginViewViewModel.swift */,
				D38CC5CA2B50492600252F52 /* RegisterViewViewModel.swift */,
				D38CC5D62B74F01700252F52 /* TimerViewViewModel.swift */,
				D3BD07E82BBE9E47006FEF3C /* RunViewViewModel.swift */,
				D3BD07EC2BBE9EB5006FEF3C /* RunItemViewViewModel.swift */,
				D3BD07F42BBEBCE9006FEF3C /* NewRunItemViewViewModel.swift */,
				D375DED72BD0660300F4DA2E /* PomodoroViewViewModel.swift */,
				D375DEDD2BD0B20000F4DA2E /* RunSelectorViewModel.swift */,
			);
			path = ViewModels;
			sourceTree = "<group>";
		};
		D38CC5AA2B5046E000252F52 /* Models */ = {
			isa = PBXGroup;
			children = (
				D38CC5B82B50488600252F52 /* User.swift */,
				D38CC5BA2B50489300252F52 /* ToDoListItem.swift */,
				D3BD07EE2BBE9ECB006FEF3C /* RunItem.swift */,
				D375DED52BD065AA00F4DA2E /* PomodoroTimer.swift */,
				D375DEDB2BD0B1E400F4DA2E /* RunCollection.swift */,
			);
			path = Models;
			sourceTree = "<group>";
		};
		D38CC5AB2B5046F500252F52 /* Other */ = {
			isa = PBXGroup;
			children = (
				D38CC5772B40C8A900252F52 /* Assets.xcassets */,
				D38CC5732B40C8A600252F52 /* SpeedHabitsApp.swift */,
				D38CC5A42B5044DB00252F52 /* GoogleService-Info.plist */,
				D38CC5D02B6197E500252F52 /* Extensions.swift */,
				D38CC5D22B74EB6E00252F52 /* Launch Screen.storyboard */,
			);
			path = Other;
			sourceTree = "<group>";
		};
/* End PBXGroup section */

/* Begin PBXNativeTarget section */
		D38CC56F2B40C8A600252F52 /* SpeedHabits */ = {
			isa = PBXNativeTarget;
			buildConfigurationList = D38CC5942B40C8A900252F52 /* Build configuration list for PBXNativeTarget "SpeedHabits" */;
			buildPhases = (
				D38CC56C2B40C8A600252F52 /* Sources */,
				D38CC56D2B40C8A600252F52 /* Frameworks */,
				D38CC56E2B40C8A600252F52 /* Resources */,
			);
			buildRules = (
			);
			dependencies = (
			);
			name = SpeedHabits;
			packageProductDependencies = (
				D38CC59E2B503B1000252F52 /* FirebaseAuth */,
				D38CC5A02B503B1000252F52 /* FirebaseFirestore */,
				D38CC5A22B503B1000252F52 /* FirebaseFirestoreSwift */,
			);
			productName = SpeedHabits;
			productReference = D38CC5702B40C8A600252F52 /* SpeedHabits.app */;
			productType = "com.apple.product-type.application";
		};
		D38CC57F2B40C8A900252F52 /* SpeedHabitsTests */ = {
			isa = PBXNativeTarget;
			buildConfigurationList = D38CC5972B40C8A900252F52 /* Build configuration list for PBXNativeTarget "SpeedHabitsTests" */;
			buildPhases = (
				D38CC57C2B40C8A900252F52 /* Sources */,
				D38CC57D2B40C8A900252F52 /* Frameworks */,
				D38CC57E2B40C8A900252F52 /* Resources */,
			);
			buildRules = (
			);
			dependencies = (
				D38CC5822B40C8A900252F52 /* PBXTargetDependency */,
			);
			name = SpeedHabitsTests;
			productName = SpeedHabitsTests;
			productReference = D38CC5802B40C8A900252F52 /* SpeedHabitsTests.xctest */;
			productType = "com.apple.product-type.bundle.unit-test";
		};
		D38CC5892B40C8A900252F52 /* SpeedHabitsUITests */ = {
			isa = PBXNativeTarget;
			buildConfigurationList = D38CC59A2B40C8A900252F52 /* Build configuration list for PBXNativeTarget "SpeedHabitsUITests" */;
			buildPhases = (
				D38CC5862B40C8A900252F52 /* Sources */,
				D38CC5872B40C8A900252F52 /* Frameworks */,
				D38CC5882B40C8A900252F52 /* Resources */,
			);
			buildRules = (
			);
			dependencies = (
				D38CC58C2B40C8A900252F52 /* PBXTargetDependency */,
			);
			name = SpeedHabitsUITests;
			productName = SpeedHabitsUITests;
			productReference = D38CC58A2B40C8A900252F52 /* SpeedHabitsUITests.xctest */;
			productType = "com.apple.product-type.bundle.ui-testing";
		};
/* End PBXNativeTarget section */

/* Begin PBXProject section */
		D38CC5682B40C8A600252F52 /* Project object */ = {
			isa = PBXProject;
			attributes = {
				BuildIndependentTargetsInParallel = 1;
				LastSwiftUpdateCheck = 1410;
				LastUpgradeCheck = 1410;
				TargetAttributes = {
					D38CC56F2B40C8A600252F52 = {
						CreatedOnToolsVersion = 14.1;
					};
					D38CC57F2B40C8A900252F52 = {
						CreatedOnToolsVersion = 14.1;
						TestTargetID = D38CC56F2B40C8A600252F52;
					};
					D38CC5892B40C8A900252F52 = {
						CreatedOnToolsVersion = 14.1;
						TestTargetID = D38CC56F2B40C8A600252F52;
					};
				};
			};
			buildConfigurationList = D38CC56B2B40C8A600252F52 /* Build configuration list for PBXProject "SpeedHabits" */;
			compatibilityVersion = "Xcode 14.0";
			developmentRegion = en;
			hasScannedForEncodings = 0;
			knownRegions = (
				en,
				Base,
			);
			mainGroup = D38CC5672B40C8A600252F52;
			packageReferences = (
				D38CC59D2B503B1000252F52 /* XCRemoteSwiftPackageReference "firebase-ios-sdk" */,
			);
			productRefGroup = D38CC5712B40C8A600252F52 /* Products */;
			projectDirPath = "";
			projectRoot = "";
			targets = (
				D38CC56F2B40C8A600252F52 /* SpeedHabits */,
				D38CC57F2B40C8A900252F52 /* SpeedHabitsTests */,
				D38CC5892B40C8A900252F52 /* SpeedHabitsUITests */,
			);
		};
/* End PBXProject section */

/* Begin PBXResourcesBuildPhase section */
		D38CC56E2B40C8A600252F52 /* Resources */ = {
			isa = PBXResourcesBuildPhase;
			buildActionMask = 2147483647;
			files = (
				D38CC57B2B40C8A900252F52 /* Preview Assets.xcassets in Resources */,
				D38CC5A52B5044DB00252F52 /* GoogleService-Info.plist in Resources */,
				D38CC5D32B74EB6E00252F52 /* Launch Screen.storyboard in Resources */,
				D38CC5782B40C8A900252F52 /* Assets.xcassets in Resources */,
			);
			runOnlyForDeploymentPostprocessing = 0;
		};
		D38CC57E2B40C8A900252F52 /* Resources */ = {
			isa = PBXResourcesBuildPhase;
			buildActionMask = 2147483647;
			files = (
			);
			runOnlyForDeploymentPostprocessing = 0;
		};
		D38CC5882B40C8A900252F52 /* Resources */ = {
			isa = PBXResourcesBuildPhase;
			buildActionMask = 2147483647;
			files = (
			);
			runOnlyForDeploymentPostprocessing = 0;
		};
/* End PBXResourcesBuildPhase section */

/* Begin PBXSourcesBuildPhase section */
		D38CC56C2B40C8A600252F52 /* Sources */ = {
			isa = PBXSourcesBuildPhase;
			buildActionMask = 2147483647;
			files = (
				D3BD07F12BBE9EDC006FEF3C /* RunItemView.swift in Sources */,
				D375DEDA2BD0662A00F4DA2E /* PomodoroView.swift in Sources */,
				D38CC5D52B74F00B00252F52 /* TimerView.swift in Sources */,
				D38CC5B32B50481600252F52 /* LoginView.swift in Sources */,
				D38CC5CD2B504C4000252F52 /* HeaderView.swift in Sources */,
				D38CC5C52B50490300252F52 /* ToDoListViewViewModel.swift in Sources */,
				D375DEE22BD0BB0700F4DA2E /* AddRunCollectionView.swift in Sources */,
				D38CC5CB2B50492600252F52 /* RegisterViewViewModel.swift in Sources */,
				D375DEE02BD0B21600F4DA2E /* RunSelectorView.swift in Sources */,
				D38CC5762B40C8A600252F52 /* MainView.swift in Sources */,
				D38CC5C92B50491C00252F52 /* LoginViewViewModel.swift in Sources */,
				D38CC5BF2B5048C500252F52 /* MainViewViewModel.swift in Sources */,
				D38CC5B72B50486000252F52 /* ToDoListView.swift in Sources */,
				D375DEDE2BD0B20000F4DA2E /* RunSelectorViewModel.swift in Sources */,
				D38CC5AF2B5047F200252F52 /* ToDoListItemView.swift in Sources */,
				D33DF17E2BD01D09004E5439 /* EditRunItemView.swift in Sources */,
				D38CC5C12B5048DA00252F52 /* ProfileViewViewModel.swift in Sources */,
				D38CC5B52B50482000252F52 /* RegisterView.swift in Sources */,
				D375DED82BD0660300F4DA2E /* PomodoroViewViewModel.swift in Sources */,
				D38CC5B92B50488600252F52 /* User.swift in Sources */,
				D3156A122BD028DB0067D4C7 /* CreateRunItemView.swift in Sources */,
				D3BD07E92BBE9E47006FEF3C /* RunViewViewModel.swift in Sources */,
				D3BD07ED2BBE9EB5006FEF3C /* RunItemViewViewModel.swift in Sources */,
				D3BD07E72BBE9E34006FEF3C /* RunView.swift in Sources */,
				D3BD07F52BBEBCE9006FEF3C /* NewRunItemViewViewModel.swift in Sources */,
				D38CC5CF2B61887C00252F52 /* SHButton.swift in Sources */,
				D38CC5AD2B5047E200252F52 /* ProfileView.swift in Sources */,
				D38CC5C32B5048F100252F52 /* ToDoListItemViewViewModel.swift in Sources */,
				D375DEDC2BD0B1E400F4DA2E /* RunCollection.swift in Sources */,
				D3BD07F32BBEBCDA006FEF3C /* NewRunItemView.swift in Sources */,
				D38CC5D12B6197E500252F52 /* Extensions.swift in Sources */,
				D3BD07EF2BBE9ECB006FEF3C /* RunItem.swift in Sources */,
				D38CC5742B40C8A600252F52 /* SpeedHabitsApp.swift in Sources */,
				D38CC5C72B50490F00252F52 /* NewItemViewViewModel.swift in Sources */,
				D38CC5D72B74F01700252F52 /* TimerViewViewModel.swift in Sources */,
				D38CC5BB2B50489300252F52 /* ToDoListItem.swift in Sources */,
				D375DED62BD065AA00F4DA2E /* PomodoroTimer.swift in Sources */,
				D38CC5B12B50480100252F52 /* NewItemView.swift in Sources */,
			);
			runOnlyForDeploymentPostprocessing = 0;
		};
		D38CC57C2B40C8A900252F52 /* Sources */ = {
			isa = PBXSourcesBuildPhase;
			buildActionMask = 2147483647;
			files = (
				D38CC5852B40C8A900252F52 /* SpeedHabitsTests.swift in Sources */,
			);
			runOnlyForDeploymentPostprocessing = 0;
		};
		D38CC5862B40C8A900252F52 /* Sources */ = {
			isa = PBXSourcesBuildPhase;
			buildActionMask = 2147483647;
			files = (
				D38CC58F2B40C8A900252F52 /* SpeedHabitsUITests.swift in Sources */,
				D38CC5912B40C8A900252F52 /* SpeedHabitsUITestsLaunchTests.swift in Sources */,
			);
			runOnlyForDeploymentPostprocessing = 0;
		};
/* End PBXSourcesBuildPhase section */

/* Begin PBXTargetDependency section */
		D38CC5822B40C8A900252F52 /* PBXTargetDependency */ = {
			isa = PBXTargetDependency;
			target = D38CC56F2B40C8A600252F52 /* SpeedHabits */;
			targetProxy = D38CC5812B40C8A900252F52 /* PBXContainerItemProxy */;
		};
		D38CC58C2B40C8A900252F52 /* PBXTargetDependency */ = {
			isa = PBXTargetDependency;
			target = D38CC56F2B40C8A600252F52 /* SpeedHabits */;
			targetProxy = D38CC58B2B40C8A900252F52 /* PBXContainerItemProxy */;
		};
/* End PBXTargetDependency section */

/* Begin XCBuildConfiguration section */
		D38CC5922B40C8A900252F52 /* Debug */ = {
			isa = XCBuildConfiguration;
			buildSettings = {
				ALWAYS_SEARCH_USER_PATHS = NO;
				CLANG_ANALYZER_NONNULL = YES;
				CLANG_ANALYZER_NUMBER_OBJECT_CONVERSION = YES_AGGRESSIVE;
				CLANG_CXX_LANGUAGE_STANDARD = "gnu++20";
				CLANG_ENABLE_MODULES = YES;
				CLANG_ENABLE_OBJC_ARC = YES;
				CLANG_ENABLE_OBJC_WEAK = YES;
				CLANG_WARN_BLOCK_CAPTURE_AUTORELEASING = YES;
				CLANG_WARN_BOOL_CONVERSION = YES;
				CLANG_WARN_COMMA = YES;
				CLANG_WARN_CONSTANT_CONVERSION = YES;
				CLANG_WARN_DEPRECATED_OBJC_IMPLEMENTATIONS = YES;
				CLANG_WARN_DIRECT_OBJC_ISA_USAGE = YES_ERROR;
				CLANG_WARN_DOCUMENTATION_COMMENTS = YES;
				CLANG_WARN_EMPTY_BODY = YES;
				CLANG_WARN_ENUM_CONVERSION = YES;
				CLANG_WARN_INFINITE_RECURSION = YES;
				CLANG_WARN_INT_CONVERSION = YES;
				CLANG_WARN_NON_LITERAL_NULL_CONVERSION = YES;
				CLANG_WARN_OBJC_IMPLICIT_RETAIN_SELF = YES;
				CLANG_WARN_OBJC_LITERAL_CONVERSION = YES;
				CLANG_WARN_OBJC_ROOT_CLASS = YES_ERROR;
				CLANG_WARN_QUOTED_INCLUDE_IN_FRAMEWORK_HEADER = YES;
				CLANG_WARN_RANGE_LOOP_ANALYSIS = YES;
				CLANG_WARN_STRICT_PROTOTYPES = YES;
				CLANG_WARN_SUSPICIOUS_MOVE = YES;
				CLANG_WARN_UNGUARDED_AVAILABILITY = YES_AGGRESSIVE;
				CLANG_WARN_UNREACHABLE_CODE = YES;
				CLANG_WARN__DUPLICATE_METHOD_MATCH = YES;
				COPY_PHASE_STRIP = NO;
				DEBUG_INFORMATION_FORMAT = dwarf;
				ENABLE_STRICT_OBJC_MSGSEND = YES;
				ENABLE_TESTABILITY = YES;
				GCC_C_LANGUAGE_STANDARD = gnu11;
				GCC_DYNAMIC_NO_PIC = NO;
				GCC_NO_COMMON_BLOCKS = YES;
				GCC_OPTIMIZATION_LEVEL = 0;
				GCC_PREPROCESSOR_DEFINITIONS = (
					"DEBUG=1",
					"$(inherited)",
				);
				GCC_WARN_64_TO_32_BIT_CONVERSION = YES;
				GCC_WARN_ABOUT_RETURN_TYPE = YES_ERROR;
				GCC_WARN_UNDECLARED_SELECTOR = YES;
				GCC_WARN_UNINITIALIZED_AUTOS = YES_AGGRESSIVE;
				GCC_WARN_UNUSED_FUNCTION = YES;
				GCC_WARN_UNUSED_VARIABLE = YES;
				IPHONEOS_DEPLOYMENT_TARGET = 16.1;
				MTL_ENABLE_DEBUG_INFO = INCLUDE_SOURCE;
				MTL_FAST_MATH = YES;
				ONLY_ACTIVE_ARCH = YES;
				SDKROOT = iphoneos;
				SWIFT_ACTIVE_COMPILATION_CONDITIONS = DEBUG;
				SWIFT_OPTIMIZATION_LEVEL = "-Onone";
			};
			name = Debug;
		};
		D38CC5932B40C8A900252F52 /* Release */ = {
			isa = XCBuildConfiguration;
			buildSettings = {
				ALWAYS_SEARCH_USER_PATHS = NO;
				CLANG_ANALYZER_NONNULL = YES;
				CLANG_ANALYZER_NUMBER_OBJECT_CONVERSION = YES_AGGRESSIVE;
				CLANG_CXX_LANGUAGE_STANDARD = "gnu++20";
				CLANG_ENABLE_MODULES = YES;
				CLANG_ENABLE_OBJC_ARC = YES;
				CLANG_ENABLE_OBJC_WEAK = YES;
				CLANG_WARN_BLOCK_CAPTURE_AUTORELEASING = YES;
				CLANG_WARN_BOOL_CONVERSION = YES;
				CLANG_WARN_COMMA = YES;
				CLANG_WARN_CONSTANT_CONVERSION = YES;
				CLANG_WARN_DEPRECATED_OBJC_IMPLEMENTATIONS = YES;
				CLANG_WARN_DIRECT_OBJC_ISA_USAGE = YES_ERROR;
				CLANG_WARN_DOCUMENTATION_COMMENTS = YES;
				CLANG_WARN_EMPTY_BODY = YES;
				CLANG_WARN_ENUM_CONVERSION = YES;
				CLANG_WARN_INFINITE_RECURSION = YES;
				CLANG_WARN_INT_CONVERSION = YES;
				CLANG_WARN_NON_LITERAL_NULL_CONVERSION = YES;
				CLANG_WARN_OBJC_IMPLICIT_RETAIN_SELF = YES;
				CLANG_WARN_OBJC_LITERAL_CONVERSION = YES;
				CLANG_WARN_OBJC_ROOT_CLASS = YES_ERROR;
				CLANG_WARN_QUOTED_INCLUDE_IN_FRAMEWORK_HEADER = YES;
				CLANG_WARN_RANGE_LOOP_ANALYSIS = YES;
				CLANG_WARN_STRICT_PROTOTYPES = YES;
				CLANG_WARN_SUSPICIOUS_MOVE = YES;
				CLANG_WARN_UNGUARDED_AVAILABILITY = YES_AGGRESSIVE;
				CLANG_WARN_UNREACHABLE_CODE = YES;
				CLANG_WARN__DUPLICATE_METHOD_MATCH = YES;
				COPY_PHASE_STRIP = NO;
				DEBUG_INFORMATION_FORMAT = "dwarf-with-dsym";
				ENABLE_NS_ASSERTIONS = NO;
				ENABLE_STRICT_OBJC_MSGSEND = YES;
				GCC_C_LANGUAGE_STANDARD = gnu11;
				GCC_NO_COMMON_BLOCKS = YES;
				GCC_WARN_64_TO_32_BIT_CONVERSION = YES;
				GCC_WARN_ABOUT_RETURN_TYPE = YES_ERROR;
				GCC_WARN_UNDECLARED_SELECTOR = YES;
				GCC_WARN_UNINITIALIZED_AUTOS = YES_AGGRESSIVE;
				GCC_WARN_UNUSED_FUNCTION = YES;
				GCC_WARN_UNUSED_VARIABLE = YES;
				IPHONEOS_DEPLOYMENT_TARGET = 16.1;
				MTL_ENABLE_DEBUG_INFO = NO;
				MTL_FAST_MATH = YES;
				SDKROOT = iphoneos;
				SWIFT_COMPILATION_MODE = wholemodule;
				SWIFT_OPTIMIZATION_LEVEL = "-O";
				VALIDATE_PRODUCT = YES;
			};
			name = Release;
		};
		D38CC5952B40C8A900252F52 /* Debug */ = {
			isa = XCBuildConfiguration;
			buildSettings = {
				ASSETCATALOG_COMPILER_APPICON_NAME = AppIcon;
				ASSETCATALOG_COMPILER_GLOBAL_ACCENT_COLOR_NAME = AccentColor;
				CODE_SIGN_STYLE = Automatic;
				CURRENT_PROJECT_VERSION = 1;
				DEVELOPMENT_ASSET_PATHS = "\"SpeedHabits/Preview Content\"";
				DEVELOPMENT_TEAM = 7CV9FD8454;
				ENABLE_PREVIEWS = YES;
				GENERATE_INFOPLIST_FILE = YES;
				INFOPLIST_KEY_CFBundleDisplayName = "Speed Habits";
				INFOPLIST_KEY_LSApplicationCategoryType = "public.app-category.productivity";
				INFOPLIST_KEY_UIApplicationSceneManifest_Generation = YES;
				INFOPLIST_KEY_UIApplicationSupportsIndirectInputEvents = YES;
				INFOPLIST_KEY_UILaunchScreen_Generation = YES;
				INFOPLIST_KEY_UILaunchStoryboardName = "Launch Screen.storyboard";
				INFOPLIST_KEY_UISupportedInterfaceOrientations = UIInterfaceOrientationPortrait;
				LD_RUNPATH_SEARCH_PATHS = (
					"$(inherited)",
					"@executable_path/Frameworks",
				);
				MARKETING_VERSION = 1.0;
				PRODUCT_BUNDLE_IDENTIFIER = KJ.SpeedHabits;
				PRODUCT_NAME = "$(TARGET_NAME)";
				SWIFT_EMIT_LOC_STRINGS = YES;
				SWIFT_VERSION = 5.0;
				TARGETED_DEVICE_FAMILY = "1,2";
			};
			name = Debug;
		};
		D38CC5962B40C8A900252F52 /* Release */ = {
			isa = XCBuildConfiguration;
			buildSettings = {
				ASSETCATALOG_COMPILER_APPICON_NAME = AppIcon;
				ASSETCATALOG_COMPILER_GLOBAL_ACCENT_COLOR_NAME = AccentColor;
				CODE_SIGN_STYLE = Automatic;
				CURRENT_PROJECT_VERSION = 1;
				DEVELOPMENT_ASSET_PATHS = "\"SpeedHabits/Preview Content\"";
				DEVELOPMENT_TEAM = 7CV9FD8454;
				ENABLE_PREVIEWS = YES;
				GENERATE_INFOPLIST_FILE = YES;
				INFOPLIST_KEY_CFBundleDisplayName = "Speed Habits";
				INFOPLIST_KEY_LSApplicationCategoryType = "public.app-category.productivity";
				INFOPLIST_KEY_UIApplicationSceneManifest_Generation = YES;
				INFOPLIST_KEY_UIApplicationSupportsIndirectInputEvents = YES;
				INFOPLIST_KEY_UILaunchScreen_Generation = YES;
				INFOPLIST_KEY_UILaunchStoryboardName = "Launch Screen.storyboard";
				INFOPLIST_KEY_UISupportedInterfaceOrientations = UIInterfaceOrientationPortrait;
				LD_RUNPATH_SEARCH_PATHS = (
					"$(inherited)",
					"@executable_path/Frameworks",
				);
				MARKETING_VERSION = 1.0;
				PRODUCT_BUNDLE_IDENTIFIER = KJ.SpeedHabits;
				PRODUCT_NAME = "$(TARGET_NAME)";
				SWIFT_EMIT_LOC_STRINGS = YES;
				SWIFT_VERSION = 5.0;
				TARGETED_DEVICE_FAMILY = "1,2";
			};
			name = Release;
		};
		D38CC5982B40C8A900252F52 /* Debug */ = {
			isa = XCBuildConfiguration;
			buildSettings = {
				ALWAYS_EMBED_SWIFT_STANDARD_LIBRARIES = YES;
				BUNDLE_LOADER = "$(TEST_HOST)";
				CODE_SIGN_STYLE = Automatic;
				CURRENT_PROJECT_VERSION = 1;
				DEVELOPMENT_TEAM = 7CV9FD8454;
				GENERATE_INFOPLIST_FILE = YES;
				IPHONEOS_DEPLOYMENT_TARGET = 16.1;
				MARKETING_VERSION = 1.0;
				PRODUCT_BUNDLE_IDENTIFIER = KJ.SpeedHabitsTests;
				PRODUCT_NAME = "$(TARGET_NAME)";
				SWIFT_EMIT_LOC_STRINGS = NO;
				SWIFT_VERSION = 5.0;
				TARGETED_DEVICE_FAMILY = "1,2";
				TEST_HOST = "$(BUILT_PRODUCTS_DIR)/SpeedHabits.app/$(BUNDLE_EXECUTABLE_FOLDER_PATH)/SpeedHabits";
			};
			name = Debug;
		};
		D38CC5992B40C8A900252F52 /* Release */ = {
			isa = XCBuildConfiguration;
			buildSettings = {
				ALWAYS_EMBED_SWIFT_STANDARD_LIBRARIES = YES;
				BUNDLE_LOADER = "$(TEST_HOST)";
				CODE_SIGN_STYLE = Automatic;
				CURRENT_PROJECT_VERSION = 1;
				DEVELOPMENT_TEAM = 7CV9FD8454;
				GENERATE_INFOPLIST_FILE = YES;
				IPHONEOS_DEPLOYMENT_TARGET = 16.1;
				MARKETING_VERSION = 1.0;
				PRODUCT_BUNDLE_IDENTIFIER = KJ.SpeedHabitsTests;
				PRODUCT_NAME = "$(TARGET_NAME)";
				SWIFT_EMIT_LOC_STRINGS = NO;
				SWIFT_VERSION = 5.0;
				TARGETED_DEVICE_FAMILY = "1,2";
				TEST_HOST = "$(BUILT_PRODUCTS_DIR)/SpeedHabits.app/$(BUNDLE_EXECUTABLE_FOLDER_PATH)/SpeedHabits";
			};
			name = Release;
		};
		D38CC59B2B40C8A900252F52 /* Debug */ = {
			isa = XCBuildConfiguration;
			buildSettings = {
				ALWAYS_EMBED_SWIFT_STANDARD_LIBRARIES = YES;
				CODE_SIGN_STYLE = Automatic;
				CURRENT_PROJECT_VERSION = 1;
				DEVELOPMENT_TEAM = 7CV9FD8454;
				GENERATE_INFOPLIST_FILE = YES;
				MARKETING_VERSION = 1.0;
				PRODUCT_BUNDLE_IDENTIFIER = KJ.SpeedHabitsUITests;
				PRODUCT_NAME = "$(TARGET_NAME)";
				SWIFT_EMIT_LOC_STRINGS = NO;
				SWIFT_VERSION = 5.0;
				TARGETED_DEVICE_FAMILY = "1,2";
				TEST_TARGET_NAME = SpeedHabits;
			};
			name = Debug;
		};
		D38CC59C2B40C8A900252F52 /* Release */ = {
			isa = XCBuildConfiguration;
			buildSettings = {
				ALWAYS_EMBED_SWIFT_STANDARD_LIBRARIES = YES;
				CODE_SIGN_STYLE = Automatic;
				CURRENT_PROJECT_VERSION = 1;
				DEVELOPMENT_TEAM = 7CV9FD8454;
				GENERATE_INFOPLIST_FILE = YES;
				MARKETING_VERSION = 1.0;
				PRODUCT_BUNDLE_IDENTIFIER = KJ.SpeedHabitsUITests;
				PRODUCT_NAME = "$(TARGET_NAME)";
				SWIFT_EMIT_LOC_STRINGS = NO;
				SWIFT_VERSION = 5.0;
				TARGETED_DEVICE_FAMILY = "1,2";
				TEST_TARGET_NAME = SpeedHabits;
			};
			name = Release;
		};
/* End XCBuildConfiguration section */

/* Begin XCConfigurationList section */
		D38CC56B2B40C8A600252F52 /* Build configuration list for PBXProject "SpeedHabits" */ = {
			isa = XCConfigurationList;
			buildConfigurations = (
				D38CC5922B40C8A900252F52 /* Debug */,
				D38CC5932B40C8A900252F52 /* Release */,
			);
			defaultConfigurationIsVisible = 0;
			defaultConfigurationName = Release;
		};
		D38CC5942B40C8A900252F52 /* Build configuration list for PBXNativeTarget "SpeedHabits" */ = {
			isa = XCConfigurationList;
			buildConfigurations = (
				D38CC5952B40C8A900252F52 /* Debug */,
				D38CC5962B40C8A900252F52 /* Release */,
			);
			defaultConfigurationIsVisible = 0;
			defaultConfigurationName = Release;
		};
		D38CC5972B40C8A900252F52 /* Build configuration list for PBXNativeTarget "SpeedHabitsTests" */ = {
			isa = XCConfigurationList;
			buildConfigurations = (
				D38CC5982B40C8A900252F52 /* Debug */,
				D38CC5992B40C8A900252F52 /* Release */,
			);
			defaultConfigurationIsVisible = 0;
			defaultConfigurationName = Release;
		};
		D38CC59A2B40C8A900252F52 /* Build configuration list for PBXNativeTarget "SpeedHabitsUITests" */ = {
			isa = XCConfigurationList;
			buildConfigurations = (
				D38CC59B2B40C8A900252F52 /* Debug */,
				D38CC59C2B40C8A900252F52 /* Release */,
			);
			defaultConfigurationIsVisible = 0;
			defaultConfigurationName = Release;
		};
/* End XCConfigurationList section */

/* Begin XCRemoteSwiftPackageReference section */
		D38CC59D2B503B1000252F52 /* XCRemoteSwiftPackageReference "firebase-ios-sdk" */ = {
			isa = XCRemoteSwiftPackageReference;
			repositoryURL = "https://github.com/firebase/firebase-ios-sdk.git";
			requirement = {
				kind = upToNextMajorVersion;
				minimumVersion = 10.0.0;
			};
		};
/* End XCRemoteSwiftPackageReference section */

/* Begin XCSwiftPackageProductDependency section */
		D38CC59E2B503B1000252F52 /* FirebaseAuth */ = {
			isa = XCSwiftPackageProductDependency;
			package = D38CC59D2B503B1000252F52 /* XCRemoteSwiftPackageReference "firebase-ios-sdk" */;
			productName = FirebaseAuth;
		};
		D38CC5A02B503B1000252F52 /* FirebaseFirestore */ = {
			isa = XCSwiftPackageProductDependency;
			package = D38CC59D2B503B1000252F52 /* XCRemoteSwiftPackageReference "firebase-ios-sdk" */;
			productName = FirebaseFirestore;
		};
		D38CC5A22B503B1000252F52 /* FirebaseFirestoreSwift */ = {
			isa = XCSwiftPackageProductDependency;
			package = D38CC59D2B503B1000252F52 /* XCRemoteSwiftPackageReference "firebase-ios-sdk" */;
			productName = FirebaseFirestoreSwift;
		};
/* End XCSwiftPackageProductDependency section */
	};
	rootObject = D38CC5682B40C8A600252F52 /* Project object */;
}
